
Microsoft Visual Studio Solution File, Format Version 12.00
# Visual Studio Version 17
VisualStudioVersion = 17.3.32901.215
MinimumVisualStudioVersion = 10.0.40219.1
Project("{FAE04EC0-301F-11D3-BF4B-00C04F79EFBC}") = "drewListProductProject", "drewListProductProject\drewListProductProject.csproj", "{73A75A9E-1FC5-4BBD-A327-AD559B937140}"
EndProject
Global
	GlobalSection(SolutionConfigurationPlatforms) = preSolution
		Debug|Any CPU = Debug|Any CPU
		Release|Any CPU = Release|Any CPU
	EndGlobalSection
	GlobalSection(ProjectConfigurationPlatforms) = postSolution
		{73A75A9E-1FC5-4BBD-A327-AD559B937140}.Debug|Any CPU.ActiveCfg = Debug|Any CPU
		{73A75A9E-1FC5-4BBD-A327-AD559B937140}.Debug|Any CPU.Build.0 = Debug|Any CPU
		{73A75A9E-1FC5-4BBD-A327-AD559B937140}.Release|Any CPU.ActiveCfg = Release|Any CPU
		{73A75A9E-1FC5-4BBD-A327-AD559B937140}.Release|Any CPU.Build.0 = Release|Any CPU
	EndGlobalSection
	GlobalSection(SolutionProperties) = preSolution
		HideSolutionNode = FALSE
	EndGlobalSection
	GlobalSection(ExtensibilityGlobals) = postSolution
		SolutionGuid = {CF5F1099-D97F-4F30-9657-347ED6769049}
	EndGlobalSection
EndGlobal
